
Microsoft Visual Studio Solution File, Format Version 12.00
# Visual Studio Version 17
VisualStudioVersion = 17.13.35931.197 d17.13
MinimumVisualStudioVersion = 10.0.40219.1
Project("{FAE04EC0-301F-11D3-BF4B-00C04F79EFBC}") = "Calculator", "Calculator\Calculator.csproj", "{F6647576-D074-471F-9AB8-5DD7E1FCFE44}"
EndProject
Global
	GlobalSection(SolutionConfigurationPlatforms) = preSolution
		Debug|Any CPU = Debug|Any CPU
		Release|Any CPU = Release|Any CPU
	EndGlobalSection
	GlobalSection(ProjectConfigurationPlatforms) = postSolution
		{F6647576-D074-471F-9AB8-5DD7E1FCFE44}.Debug|Any CPU.ActiveCfg = Debug|Any CPU
		{F6647576-D074-471F-9AB8-5DD7E1FCFE44}.Debug|Any CPU.Build.0 = Debug|Any CPU
		{F6647576-D074-471F-9AB8-5DD7E1FCFE44}.Release|Any CPU.ActiveCfg = Release|Any CPU
		{F6647576-D074-471F-9AB8-5DD7E1FCFE44}.Release|Any CPU.Build.0 = Release|Any CPU
	EndGlobalSection
	GlobalSection(SolutionProperties) = preSolution
		HideSolutionNode = FALSE
	EndGlobalSection
	GlobalSection(ExtensibilityGlobals) = postSolution
		SolutionGuid = {EC035B18-5FC8-4D0B-953F-1B559D084A32}
	EndGlobalSection
EndGlobal
